
Microsoft Visual Studio Solution File, Format Version 12.00
Project("{FAE04EC0-301F-11D3-BF4B-00C04F79EFBC}") = "Prism.Scoping", "src\Prism.Scoping\Prism.Scoping.csproj", "{174FC8E7-7365-4415-BA07-DEF9A11BAC5E}"
EndProject
Global
	GlobalSection(SolutionConfigurationPlatforms) = preSolution
		Debug|Any CPU = Debug|Any CPU
		Release|Any CPU = Release|Any CPU
	EndGlobalSection
	GlobalSection(ProjectConfigurationPlatforms) = postSolution
		{174FC8E7-7365-4415-BA07-DEF9A11BAC5E}.Debug|Any CPU.ActiveCfg = Debug|Any CPU
		{174FC8E7-7365-4415-BA07-DEF9A11BAC5E}.Debug|Any CPU.Build.0 = Debug|Any CPU
		{174FC8E7-7365-4415-BA07-DEF9A11BAC5E}.Release|Any CPU.ActiveCfg = Release|Any CPU
		{174FC8E7-7365-4415-BA07-DEF9A11BAC5E}.Release|Any CPU.Build.0 = Release|Any CPU
	EndGlobalSection
EndGlobal
